{
  "name": "tradingview-binance-bot",
  "version": "1.0.0",
  "lockfileVersion": 2,
  "requires": true,
  "packages": {
    "": {
      "name": "tradingview-binance-bot",
      "version": "1.0.0",
      "license": "ISC",
      "dependencies": {
        "body-parser": "^1.20.2",
        "dotenv": "^16.4.5",
        "express": "^4.18.2"
      }
    }
  },
  "dependencies": {
    "body-parser": {
      "version": "1.20.2",
      "resolved": "https://registry.npmjs.org/body-parser/-/body-parser-1.20.2.tgz",
      "integrity": "sha512-+NDi0E+XXnlA7LJZXiKEfpmn8m9k+0orw0TGcrVhZs0B0zViwXrJRX+zkV4uVErr0MsbOVSXOUlhG7HS2vTdag=="
    },
    "dotenv": {
      "version": "16.4.5",
      "resolved": "https://registry.npmjs.org/dotenv/-/dotenv-16.4.5.tgz",
      "integrity": "sha512-1m2UYVBjTR7C+LkK9ryK1q9Nnbnltsl6QaFck3/4s3CTzBs3IJfXkpO05vOd47KBvbDj/INHY+AD5fo9PEmqDA=="
    },
    "express": {
      "version": "4.18.2",
      "resolved": "https://registry.npmjs.org/express/-/express-4.18.2.tgz",
      "integrity": "sha512-W0pfRsdNkTxg4Ld9y/y3C1DY4uE9Epola4aP1s8FCJNNagUvUEoza4x2qyiknI+vPkd07qlfwO3gfznH2LnRkw=="
    }
  }
}
